
Microsoft Visual Studio Solution File, Format Version 12.00
# Visual Studio Version 17
VisualStudioVersion = 17.3.32929.385
MinimumVisualStudioVersion = 10.0.40219.1
Project("{FAE04EC0-301F-11D3-BF4B-00C04F79EFBC}") = "Day14_Dapper", "Day14_Dapper\Day14_Dapper.csproj", "{81C4E5D3-4D0B-42C7-BF50-BFEFDAB6A7B7}"
EndProject
Global
	GlobalSection(SolutionConfigurationPlatforms) = preSolution
		Debug|Any CPU = Debug|Any CPU
		Release|Any CPU = Release|Any CPU
	EndGlobalSection
	GlobalSection(ProjectConfigurationPlatforms) = postSolution
		{81C4E5D3-4D0B-42C7-BF50-BFEFDAB6A7B7}.Debug|Any CPU.ActiveCfg = Debug|Any CPU
		{81C4E5D3-4D0B-42C7-BF50-BFEFDAB6A7B7}.Debug|Any CPU.Build.0 = Debug|Any CPU
		{81C4E5D3-4D0B-42C7-BF50-BFEFDAB6A7B7}.Release|Any CPU.ActiveCfg = Release|Any CPU
		{81C4E5D3-4D0B-42C7-BF50-BFEFDAB6A7B7}.Release|Any CPU.Build.0 = Release|Any CPU
	EndGlobalSection
	GlobalSection(SolutionProperties) = preSolution
		HideSolutionNode = FALSE
	EndGlobalSection
	GlobalSection(ExtensibilityGlobals) = postSolution
		SolutionGuid = {845BF7D9-60D7-46B0-A753-886BC385D7DE}
	EndGlobalSection
EndGlobal
